// !$*UTF8*$!
{
	archiveVersion = 1;
	classes = {
	};
	objectVersion = 48;
	objects = {

/* Begin PBXBuildFile section */
		A18976AF2083300B002F7768 /* AppDelegate.m in Sources */ = {isa = PBXBuildFile; fileRef = A18976AE2083300B002F7768 /* AppDelegate.m */; };
		A18976B22083300B002F7768 /* ViewController.m in Sources */ = {isa = PBXBuildFile; fileRef = A18976B12083300B002F7768 /* ViewController.m */; };
		A18976B52083300B002F7768 /* Main.storyboard in Resources */ = {isa = PBXBuildFile; fileRef = A18976B32083300B002F7768 /* Main.storyboard */; };
		A18976B72083300B002F7768 /* Assets.xcassets in Resources */ = {isa = PBXBuildFile; fileRef = A18976B62083300B002F7768 /* Assets.xcassets */; };
		A18976BA2083300B002F7768 /* LaunchScreen.storyboard in Resources */ = {isa = PBXBuildFile; fileRef = A18976B82083300B002F7768 /* LaunchScreen.storyboard */; };
		A18976BD2083300B002F7768 /* main.m in Sources */ = {isa = PBXBuildFile; fileRef = A18976BC2083300B002F7768 /* main.m */; };
		A18976C72083300C002F7768 /* DemoCITests.m in Sources */ = {isa = PBXBuildFile; fileRef = A18976C62083300C002F7768 /* DemoCITests.m */; };
		A18976D22083300C002F7768 /* DemoCIUITests.m in Sources */ = {isa = PBXBuildFile; fileRef = A18976D12083300C002F7768 /* DemoCIUITests.m */; };
/* End PBXBuildFile section */

/* Begin PBXContainerItemProxy section */
		A18976C32083300C002F7768 /* PBXContainerItemProxy */ = {
			isa = PBXContainerItemProxy;
			containerPortal = A18976A22083300B002F7768 /* Project object */;
			proxyType = 1;
			remoteGlobalIDString = A18976A92083300B002F7768;
			remoteInfo = DemoCI;
		};
		A18976CE2083300C002F7768 /* PBXContainerItemProxy */ = {
			isa = PBXContainerItemProxy;
			containerPortal = A18976A22083300B002F7768 /* Project object */;
			proxyType = 1;
			remoteGlobalIDString = A18976A92083300B002F7768;
			remoteInfo = DemoCI;
		};
/* End PBXContainerItemProxy section */

/* Begin PBXFileReference section */
		A18976AA2083300B002F7768 /* DemoCI.app */ = {isa = PBXFileReference; explicitFileType = wrapper.application; includeInIndex = 0; path = DemoCI.app; sourceTree = BUILT_PRODUCTS_DIR; };
		A18976AD2083300B002F7768 /* AppDelegate.h */ = {isa = PBXFileReference; lastKnownFileType = sourcecode.c.h; path = AppDelegate.h; sourceTree = "<group>"; };
		A18976AE2083300B002F7768 /* AppDelegate.m */ = {isa = PBXFileReference; lastKnownFileType = sourcecode.c.objc; path = AppDelegate.m; sourceTree = "<group>"; };
		A18976B02083300B002F7768 /* ViewController.h */ = {isa = PBXFileReference; lastKnownFileType = sourcecode.c.h; path = ViewController.h; sourceTree = "<group>"; };
		A18976B12083300B002F7768 /* ViewController.m */ = {isa = PBXFileReference; lastKnownFileType = sourcecode.c.objc; path = ViewController.m; sourceTree = "<group>"; };
		A18976B42083300B002F7768 /* Base */ = {isa = PBXFileReference; lastKnownFileType = file.storyboard; name = Base; path = Base.lproj/Main.storyboard; sourceTree = "<group>"; };
		A18976B62083300B002F7768 /* Assets.xcassets */ = {isa = PBXFileReference; lastKnownFileType = folder.assetcatalog; path = Assets.xcassets; sourceTree = "<group>"; };
		A18976B92083300B002F7768 /* Base */ = {isa = PBXFileReference; lastKnownFileType = file.storyboard; name = Base; path = Base.lproj/LaunchScreen.storyboard; sourceTree = "<group>"; };
		A18976BB2083300B002F7768 /* Info.plist */ = {isa = PBXFileReference; lastKnownFileType = text.plist.xml; path = Info.plist; sourceTree = "<group>"; };
		A18976BC2083300B002F7768 /* main.m */ = {isa = PBXFileReference; lastKnownFileType = sourcecode.c.objc; path = main.m; sourceTree = "<group>"; };
		A18976C22083300C002F7768 /* DemoCITests.xctest */ = {isa = PBXFileReference; explicitFileType = wrapper.cfbundle; includeInIndex = 0; path = DemoCITests.xctest; sourceTree = BUILT_PRODUCTS_DIR; };
		A18976C62083300C002F7768 /* DemoCITests.m */ = {isa = PBXFileReference; lastKnownFileType = sourcecode.c.objc; path = DemoCITests.m; sourceTree = "<group>"; };
		A18976C82083300C002F7768 /* Info.plist */ = {isa = PBXFileReference; lastKnownFileType = text.plist.xml; path = Info.plist; sourceTree = "<group>"; };
		A18976CD2083300C002F7768 /* DemoCIUITests.xctest */ = {isa = PBXFileReference; explicitFileType = wrapper.cfbundle; includeInIndex = 0; path = DemoCIUITests.xctest; sourceTree = BUILT_PRODUCTS_DIR; };
		A18976D12083300C002F7768 /* DemoCIUITests.m */ = {isa = PBXFileReference; lastKnownFileType = sourcecode.c.objc; path = DemoCIUITests.m; sourceTree = "<group>"; };
		A18976D32083300C002F7768 /* Info.plist */ = {isa = PBXFileReference; lastKnownFileType = text.plist.xml; path = Info.plist; sourceTree = "<group>"; };
/* End PBXFileReference section */

/* Begin PBXFrameworksBuildPhase section */
		A18976A72083300B002F7768 /* Frameworks */ = {
			isa = PBXFrameworksBuildPhase;
			buildActionMask = 2147483647;
			files = (
			);
			runOnlyForDeploymentPostprocessing = 0;
		};
		A18976BF2083300C002F7768 /* Frameworks */ = {
			isa = PBXFrameworksBuildPhase;
			buildActionMask = 2147483647;
			files = (
			);
			runOnlyForDeploymentPostprocessing = 0;
		};
		A18976CA2083300C002F7768 /* Frameworks */ = {
			isa = PBXFrameworksBuildPhase;
			buildActionMask = 2147483647;
			files = (
			);
			runOnlyForDeploymentPostprocessing = 0;
		};
/* End PBXFrameworksBuildPhase section */

/* Begin PBXGroup section */
		A18976A12083300B002F7768 = {
			isa = PBXGroup;
			children = (
				A18976AC2083300B002F7768 /* DemoCI */,
				A18976C52083300C002F7768 /* DemoCITests */,
				A18976D02083300C002F7768 /* DemoCIUITests */,
				A18976AB2083300B002F7768 /* Products */,
			);
			sourceTree = "<group>";
		};
		A18976AB2083300B002F7768 /* Products */ = {
			isa = PBXGroup;
			children = (
				A18976AA2083300B002F7768 /* DemoCI.app */,
				A18976C22083300C002F7768 /* DemoCITests.xctest */,
				A18976CD2083300C002F7768 /* DemoCIUITests.xctest */,
			);
			name = Products;
			sourceTree = "<group>";
		};
		A18976AC2083300B002F7768 /* DemoCI */ = {
			isa = PBXGroup;
			children = (
				A18976AD2083300B002F7768 /* AppDelegate.h */,
				A18976AE2083300B002F7768 /* AppDelegate.m */,
				A18976B02083300B002F7768 /* ViewController.h */,
				A18976B12083300B002F7768 /* ViewController.m */,
				A18976B32083300B002F7768 /* Main.storyboard */,
				A18976B62083300B002F7768 /* Assets.xcassets */,
				A18976B82083300B002F7768 /* LaunchScreen.storyboard */,
				A18976BB2083300B002F7768 /* Info.plist */,
				A18976BC2083300B002F7768 /* main.m */,
			);
			path = DemoCI;
			sourceTree = "<group>";
		};
		A18976C52083300C002F7768 /* DemoCITests */ = {
			isa = PBXGroup;
			children = (
				A18976C62083300C002F7768 /* DemoCITests.m */,
				A18976C82083300C002F7768 /* Info.plist */,
			);
			path = DemoCITests;
			sourceTree = "<group>";
		};
		A18976D02083300C002F7768 /* DemoCIUITests */ = {
			isa = PBXGroup;
			children = (
				A18976D12083300C002F7768 /* DemoCIUITests.m */,
				A18976D32083300C002F7768 /* Info.plist */,
			);
			path = DemoCIUITests;
			sourceTree = "<group>";
		};
/* End PBXGroup section */

/* Begin PBXNativeTarget section */
		A18976A92083300B002F7768 /* DemoCI */ = {
			isa = PBXNativeTarget;
			buildConfigurationList = A18976D62083300C002F7768 /* Build configuration list for PBXNativeTarget "DemoCI" */;
			buildPhases = (
				A18976A62083300B002F7768 /* Sources */,
				A18976A72083300B002F7768 /* Frameworks */,
				A18976A82083300B002F7768 /* Resources */,
			);
			buildRules = (
			);
			dependencies = (
			);
			name = DemoCI;
			productName = DemoCI;
			productReference = A18976AA2083300B002F7768 /* DemoCI.app */;
			productType = "com.apple.product-type.application";
		};
		A18976C12083300C002F7768 /* DemoCITests */ = {
			isa = PBXNativeTarget;
			buildConfigurationList = A18976D92083300C002F7768 /* Build configuration list for PBXNativeTarget "DemoCITests" */;
			buildPhases = (
				A18976BE2083300C002F7768 /* Sources */,
				A18976BF2083300C002F7768 /* Frameworks */,
				A18976C02083300C002F7768 /* Resources */,
			);
			buildRules = (
			);
			dependencies = (
				A18976C42083300C002F7768 /* PBXTargetDependency */,
			);
			name = DemoCITests;
			productName = DemoCITests;
			productReference = A18976C22083300C002F7768 /* DemoCITests.xctest */;
			productType = "com.apple.product-type.bundle.unit-test";
		};
		A18976CC2083300C002F7768 /* DemoCIUITests */ = {
			isa = PBXNativeTarget;
			buildConfigurationList = A18976DC2083300C002F7768 /* Build configuration list for PBXNativeTarget "DemoCIUITests" */;
			buildPhases = (
				A18976C92083300C002F7768 /* Sources */,
				A18976CA2083300C002F7768 /* Frameworks */,
				A18976CB2083300C002F7768 /* Resources */,
			);
			buildRules = (
			);
			dependencies = (
				A18976CF2083300C002F7768 /* PBXTargetDependency */,
			);
			name = DemoCIUITests;
			productName = DemoCIUITests;
			productReference = A18976CD2083300C002F7768 /* DemoCIUITests.xctest */;
			productType = "com.apple.product-type.bundle.ui-testing";
		};
/* End PBXNativeTarget section */

/* Begin PBXProject section */
		A18976A22083300B002F7768 /* Project object */ = {
			isa = PBXProject;
			attributes = {
				LastUpgradeCheck = 0920;
				ORGANIZATIONNAME = "korat prashant";
				TargetAttributes = {
					A18976A92083300B002F7768 = {
						CreatedOnToolsVersion = 9.2;
						ProvisioningStyle = Automatic;
					};
					A18976C12083300C002F7768 = {
						CreatedOnToolsVersion = 9.2;
						ProvisioningStyle = Automatic;
						TestTargetID = A18976A92083300B002F7768;
					};
					A18976CC2083300C002F7768 = {
						CreatedOnToolsVersion = 9.2;
						ProvisioningStyle = Automatic;
						TestTargetID = A18976A92083300B002F7768;
					};
				};
			};
			buildConfigurationList = A18976A52083300B002F7768 /* Build configuration list for PBXProject "DemoCI" */;
			compatibilityVersion = "Xcode 8.0";
			developmentRegion = en;
			hasScannedForEncodings = 0;
			knownRegions = (
				en,
				Base,
			);
			mainGroup = A18976A12083300B002F7768;
			productRefGroup = A18976AB2083300B002F7768 /* Products */;
			projectDirPath = "";
			projectRoot = "";
			targets = (
				A18976A92083300B002F7768 /* DemoCI */,
				A18976C12083300C002F7768 /* DemoCITests */,
				A18976CC2083300C002F7768 /* DemoCIUITests */,
			);
		};
/* End PBXProject section */

/* Begin PBXResourcesBuildPhase section */
		A18976A82083300B002F7768 /* Resources */ = {
			isa = PBXResourcesBuildPhase;
			buildActionMask = 2147483647;
			files = (
				A18976BA2083300B002F7768 /* LaunchScreen.storyboard in Resources */,
				A18976B72083300B002F7768 /* Assets.xcassets in Resources */,
				A18976B52083300B002F7768 /* Main.storyboard in Resources */,
			);
			runOnlyForDeploymentPostprocessing = 0;
		};
		A18976C02083300C002F7768 /* Resources */ = {
			isa = PBXResourcesBuildPhase;
			buildActionMask = 2147483647;
			files = (
			);
			runOnlyForDeploymentPostprocessing = 0;
		};
		A18976CB2083300C002F7768 /* Resources */ = {
			isa = PBXResourcesBuildPhase;
			buildActionMask = 2147483647;
			files = (
			);
			runOnlyForDeploymentPostprocessing = 0;
		};
/* End PBXResourcesBuildPhase section */

/* Begin PBXSourcesBuildPhase section */
		A18976A62083300B002F7768 /* Sources */ = {
			isa = PBXSourcesBuildPhase;
			buildActionMask = 2147483647;
			files = (
				A18976B22083300B002F7768 /* ViewController.m in Sources */,
				A18976BD2083300B002F7768 /* main.m in Sources */,
				A18976AF2083300B002F7768 /* AppDelegate.m in Sources */,
			);
			runOnlyForDeploymentPostprocessing = 0;
		};
		A18976BE2083300C002F7768 /* Sources */ = {
			isa = PBXSourcesBuildPhase;
			buildActionMask = 2147483647;
			files = (
				A18976C72083300C002F7768 /* DemoCITests.m in Sources */,
			);
			runOnlyForDeploymentPostprocessing = 0;
		};
		A18976C92083300C002F7768 /* Sources */ = {
			isa = PBXSourcesBuildPhase;
			buildActionMask = 2147483647;
			files = (
				A18976D22083300C002F7768 /* DemoCIUITests.m in Sources */,
			);
			runOnlyForDeploymentPostprocessing = 0;
		};
/* End PBXSourcesBuildPhase section */

/* Begin PBXTargetDependency section */
		A18976C42083300C002F7768 /* PBXTargetDependency */ = {
			isa = PBXTargetDependency;
			target = A18976A92083300B002F7768 /* DemoCI */;
			targetProxy = A18976C32083300C002F7768 /* PBXContainerItemProxy */;
		};
		A18976CF2083300C002F7768 /* PBXTargetDependency */ = {
			isa = PBXTargetDependency;
			target = A18976A92083300B002F7768 /* DemoCI */;
			targetProxy = A18976CE2083300C002F7768 /* PBXContainerItemProxy */;
		};
/* End PBXTargetDependency section */

/* Begin PBXVariantGroup section */
		A18976B32083300B002F7768 /* Main.storyboard */ = {
			isa = PBXVariantGroup;
			children = (
				A18976B42083300B002F7768 /* Base */,
			);
			name = Main.storyboard;
			sourceTree = "<group>";
		};
		A18976B82083300B002F7768 /* LaunchScreen.storyboard */ = {
			isa = PBXVariantGroup;
			children = (
				A18976B92083300B002F7768 /* Base */,
			);
			name = LaunchScreen.storyboard;
			sourceTree = "<group>";
		};
/* End PBXVariantGroup section */

/* Begin XCBuildConfiguration section */
		A18976D42083300C002F7768 /* Debug */ = {
			isa = XCBuildConfiguration;
			buildSettings = {
				ALWAYS_SEARCH_USER_PATHS = NO;
				CLANG_ANALYZER_NONNULL = YES;
				CLANG_ANALYZER_NUMBER_OBJECT_CONVERSION = YES_AGGRESSIVE;
				CLANG_CXX_LANGUAGE_STANDARD = "gnu++14";
				CLANG_CXX_LIBRARY = "libc++";
				CLANG_ENABLE_MODULES = YES;
				CLANG_ENABLE_OBJC_ARC = YES;
				CLANG_WARN_BLOCK_CAPTURE_AUTORELEASING = YES;
				CLANG_WARN_BOOL_CONVERSION = YES;
				CLANG_WARN_COMMA = YES;
				CLANG_WARN_CONSTANT_CONVERSION = YES;
				CLANG_WARN_DIRECT_OBJC_ISA_USAGE = YES_ERROR;
				CLANG_WARN_DOCUMENTATION_COMMENTS = YES;
				CLANG_WARN_EMPTY_BODY = YES;
				CLANG_WARN_ENUM_CONVERSION = YES;
				CLANG_WARN_INFINITE_RECURSION = YES;
				CLANG_WARN_INT_CONVERSION = YES;
				CLANG_WARN_NON_LITERAL_NULL_CONVERSION = YES;
				CLANG_WARN_OBJC_LITERAL_CONVERSION = YES;
				CLANG_WARN_OBJC_ROOT_CLASS = YES_ERROR;
				CLANG_WARN_RANGE_LOOP_ANALYSIS = YES;
				CLANG_WARN_STRICT_PROTOTYPES = YES;
				CLANG_WARN_SUSPICIOUS_MOVE = YES;
				CLANG_WARN_UNGUARDED_AVAILABILITY = YES_AGGRESSIVE;
				CLANG_WARN_UNREACHABLE_CODE = YES;
				CLANG_WARN__DUPLICATE_METHOD_MATCH = YES;
				CODE_SIGN_IDENTITY = "iPhone Developer";
				COPY_PHASE_STRIP = NO;
				DEBUG_INFORMATION_FORMAT = dwarf;
				ENABLE_STRICT_OBJC_MSGSEND = YES;
				ENABLE_TESTABILITY = YES;
				GCC_C_LANGUAGE_STANDARD = gnu11;
				GCC_DYNAMIC_NO_PIC = NO;
				GCC_NO_COMMON_BLOCKS = YES;
				GCC_OPTIMIZATION_LEVEL = 0;
				GCC_PREPROCESSOR_DEFINITIONS = (
					"DEBUG=1",
					"$(inherited)",
				);
				GCC_WARN_64_TO_32_BIT_CONVERSION = YES;
				GCC_WARN_ABOUT_RETURN_TYPE = YES_ERROR;
				GCC_WARN_UNDECLARED_SELECTOR = YES;
				GCC_WARN_UNINITIALIZED_AUTOS = YES_AGGRESSIVE;
				GCC_WARN_UNUSED_FUNCTION = YES;
				GCC_WARN_UNUSED_VARIABLE = YES;
				IPHONEOS_DEPLOYMENT_TARGET = 11.2;
				MTL_ENABLE_DEBUG_INFO = YES;
				ONLY_ACTIVE_ARCH = YES;
				SDKROOT = iphoneos;
			};
			name = Debug;
		};
		A18976D52083300C002F7768 /* Release */ = {
			isa = XCBuildConfiguration;
			buildSettings = {
				ALWAYS_SEARCH_USER_PATHS = NO;
				CLANG_ANALYZER_NONNULL = YES;
				CLANG_ANALYZER_NUMBER_OBJECT_CONVERSION = YES_AGGRESSIVE;
				CLANG_CXX_LANGUAGE_STANDARD = "gnu++14";
				CLANG_CXX_LIBRARY = "libc++";
				CLANG_ENABLE_MODULES = YES;
				CLANG_ENABLE_OBJC_ARC = YES;
				CLANG_WARN_BLOCK_CAPTURE_AUTORELEASING = YES;
				CLANG_WARN_BOOL_CONVERSION = YES;
				CLANG_WARN_COMMA = YES;
				CLANG_WARN_CONSTANT_CONVERSION = YES;
				CLANG_WARN_DIRECT_OBJC_ISA_USAGE = YES_ERROR;
				CLANG_WARN_DOCUMENTATION_COMMENTS = YES;
				CLANG_WARN_EMPTY_BODY = YES;
				CLANG_WARN_ENUM_CONVERSION = YES;
				CLANG_WARN_INFINITE_RECURSION = YES;
				CLANG_WARN_INT_CONVERSION = YES;
				CLANG_WARN_NON_LITERAL_NULL_CONVERSION = YES;
				CLANG_WARN_OBJC_LITERAL_CONVERSION = YES;
				CLANG_WARN_OBJC_ROOT_CLASS = YES_ERROR;
				CLANG_WARN_RANGE_LOOP_ANALYSIS = YES;
				CLANG_WARN_STRICT_PROTOTYPES = YES;
				CLANG_WARN_SUSPICIOUS_MOVE = YES;
				CLANG_WARN_UNGUARDED_AVAILABILITY = YES_AGGRESSIVE;
				CLANG_WARN_UNREACHABLE_CODE = YES;
				CLANG_WARN__DUPLICATE_METHOD_MATCH = YES;
				CODE_SIGN_IDENTITY = "iPhone Developer";
				COPY_PHASE_STRIP = NO;
				DEBUG_INFORMATION_FORMAT = "dwarf-with-dsym";
				ENABLE_NS_ASSERTIONS = NO;
				ENABLE_STRICT_OBJC_MSGSEND = YES;
				GCC_C_LANGUAGE_STANDARD = gnu11;
				GCC_NO_COMMON_BLOCKS = YES;
				GCC_WARN_64_TO_32_BIT_CONVERSION = YES;
				GCC_WARN_ABOUT_RETURN_TYPE = YES_ERROR;
				GCC_WARN_UNDECLARED_SELECTOR = YES;
				GCC_WARN_UNINITIALIZED_AUTOS = YES_AGGRESSIVE;
				GCC_WARN_UNUSED_FUNCTION = YES;
				GCC_WARN_UNUSED_VARIABLE = YES;
				IPHONEOS_DEPLOYMENT_TARGET = 11.2;
				MTL_ENABLE_DEBUG_INFO = NO;
				SDKROOT = iphoneos;
				VALIDATE_PRODUCT = YES;
			};
			name = Release;
		};
		A18976D72083300C002F7768 /* Debug */ = {
			isa = XCBuildConfiguration;
			buildSettings = {
				ASSETCATALOG_COMPILER_APPICON_NAME = AppIcon;
				CODE_SIGN_STYLE = Automatic;
				INFOPLIST_FILE = DemoCI/Info.plist;
				LD_RUNPATH_SEARCH_PATHS = "$(inherited) @executable_path/Frameworks";
				PRODUCT_BUNDLE_IDENTIFIER = shreeji.DemoCI;
				PRODUCT_NAME = "$(TARGET_NAME)";
				TARGETED_DEVICE_FAMILY = "1,2";
			};
			name = Debug;
		};
		A18976D82083300C002F7768 /* Release */ = {
			isa = XCBuildConfiguration;
			buildSettings = {
				ASSETCATALOG_COMPILER_APPICON_NAME = AppIcon;
				CODE_SIGN_STYLE = Automatic;
				INFOPLIST_FILE = DemoCI/Info.plist;
				LD_RUNPATH_SEARCH_PATHS = "$(inherited) @executable_path/Frameworks";
				PRODUCT_BUNDLE_IDENTIFIER = shreeji.DemoCI;
				PRODUCT_NAME = "$(TARGET_NAME)";
				TARGETED_DEVICE_FAMILY = "1,2";
			};
			name = Release;
		};
		A18976DA2083300C002F7768 /* Debug */ = {
			isa = XCBuildConfiguration;
			buildSettings = {
				BUNDLE_LOADER = "$(TEST_HOST)";
				CODE_SIGN_STYLE = Automatic;
				INFOPLIST_FILE = DemoCITests/Info.plist;
				LD_RUNPATH_SEARCH_PATHS = "$(inherited) @executable_path/Frameworks @loader_path/Frameworks";
				PRODUCT_BUNDLE_IDENTIFIER = shreeji.DemoCITests;
				PRODUCT_NAME = "$(TARGET_NAME)";
				TARGETED_DEVICE_FAMILY = "1,2";
				TEST_HOST = "$(BUILT_PRODUCTS_DIR)/DemoCI.app/DemoCI";
			};
			name = Debug;
		};
		A18976DB2083300C002F7768 /* Release */ = {
			isa = XCBuildConfiguration;
			buildSettings = {
				BUNDLE_LOADER = "$(TEST_HOST)";
				CODE_SIGN_STYLE = Automatic;
				INFOPLIST_FILE = DemoCITests/Info.plist;
				LD_RUNPATH_SEARCH_PATHS = "$(inherited) @executable_path/Frameworks @loader_path/Frameworks";
				PRODUCT_BUNDLE_IDENTIFIER = shreeji.DemoCITests;
				PRODUCT_NAME = "$(TARGET_NAME)";
				TARGETED_DEVICE_FAMILY = "1,2";
				TEST_HOST = "$(BUILT_PRODUCTS_DIR)/DemoCI.app/DemoCI";
			};
			name = Release;
		};
		A18976DD2083300C002F7768 /* Debug */ = {
			isa = XCBuildConfiguration;
			buildSettings = {
				CODE_SIGN_STYLE = Automatic;
				INFOPLIST_FILE = DemoCIUITests/Info.plist;
				LD_RUNPATH_SEARCH_PATHS = "$(inherited) @executable_path/Frameworks @loader_path/Frameworks";
				PRODUCT_BUNDLE_IDENTIFIER = shreeji.DemoCIUITests;
				PRODUCT_NAME = "$(TARGET_NAME)";
				TARGETED_DEVICE_FAMILY = "1,2";
				TEST_TARGET_NAME = DemoCI;
			};
			name = Debug;
		};
		A18976DE2083300C002F7768 /* Release */ = {
			isa = XCBuildConfiguration;
			buildSettings = {
				CODE_SIGN_STYLE = Automatic;
				INFOPLIST_FILE = DemoCIUITests/Info.plist;
				LD_RUNPATH_SEARCH_PATHS = "$(inherited) @executable_path/Frameworks @loader_path/Frameworks";
				PRODUCT_BUNDLE_IDENTIFIER = shreeji.DemoCIUITests;
				PRODUCT_NAME = "$(TARGET_NAME)";
				TARGETED_DEVICE_FAMILY = "1,2";
				TEST_TARGET_NAME = DemoCI;
			};
			name = Release;
		};
/* End XCBuildConfiguration section */

/* Begin XCConfigurationList section */
		A18976A52083300B002F7768 /* Build configuration list for PBXProject "DemoCI" */ = {
			isa = XCConfigurationList;
			buildConfigurations = (
				A18976D42083300C002F7768 /* Debug */,
				A18976D52083300C002F7768 /* Release */,
			);
			defaultConfigurationIsVisible = 0;
			defaultConfigurationName = Release;
		};
		A18976D62083300C002F7768 /* Build configuration list for PBXNativeTarget "DemoCI" */ = {
			isa = XCConfigurationList;
			buildConfigurations = (
				A18976D72083300C002F7768 /* Debug */,
				A18976D82083300C002F7768 /* Release */,
			);
			defaultConfigurationIsVisible = 0;
			defaultConfigurationName = Release;
		};
		A18976D92083300C002F7768 /* Build configuration list for PBXNativeTarget "DemoCITests" */ = {
			isa = XCConfigurationList;
			buildConfigurations = (
				A18976DA2083300C002F7768 /* Debug */,
				A18976DB2083300C002F7768 /* Release */,
			);
			defaultConfigurationIsVisible = 0;
			defaultConfigurationName = Release;
		};
		A18976DC2083300C002F7768 /* Build configuration list for PBXNativeTarget "DemoCIUITests" */ = {
			isa = XCConfigurationList;
			buildConfigurations = (
				A18976DD2083300C002F7768 /* Debug */,
				A18976DE2083300C002F7768 /* Release */,
			);
			defaultConfigurationIsVisible = 0;
			defaultConfigurationName = Release;
		};
/* End XCConfigurationList section */
	};
	rootObject = A18976A22083300B002F7768 /* Project object */;
}
